
Microsoft Visual Studio Solution File, Format Version 12.00
# Visual Studio Version 17
VisualStudioVersion = 17.7.34221.43
MinimumVisualStudioVersion = 10.0.40219.1
Project("{9A19103F-16F7-4668-BE54-9A1E7A4F7556}") = "Test_workshop.MigrationFK", "Test_workshop.MigrationFK\Test_workshop.MigrationFK.csproj", "{C39ABB2B-DF80-4285-AC1C-979DD9DFBD33}"
EndProject
Project("{9A19103F-16F7-4668-BE54-9A1E7A4F7556}") = "MovieMirgations_Fl_API", "MovieMirgations_Fl_API\MovieMirgations_Fl_API.csproj", "{223640A8-1FA9-461A-B365-24C8A1D2A486}"
EndProject
Project("{9A19103F-16F7-4668-BE54-9A1E7A4F7556}") = "Test_EF", "Test_EF\Test_EF.csproj", "{E393028F-6919-4F8D-9522-9691618C5D5E}"
EndProject
Project("{9A19103F-16F7-4668-BE54-9A1E7A4F7556}") = "Test_ConnectToDb", "Test_ConnectToDb\Test_ConnectToDb.csproj", "{1F61AFAA-0C41-4BD5-ABEF-5E452A11B56D}"
EndProject
Project("{9A19103F-16F7-4668-BE54-9A1E7A4F7556}") = "Test_LogTo", "Test_LogTo\Test_LogTo.csproj", "{D1C97BA5-A9BA-4401-9A96-917A130F954A}"
EndProject
Project("{9A19103F-16F7-4668-BE54-9A1E7A4F7556}") = "Test_scheme", "Test_scheme\Test_scheme.csproj", "{3D105CE3-7770-418B-83F2-3D597BBD626C}"
EndProject
Project("{9A19103F-16F7-4668-BE54-9A1E7A4F7556}") = "Test_Entities", "Test_Entities\Test_Entities.csproj", "{61108BA8-D8BC-4FE4-A3D1-97C18221289A}"
EndProject
Project("{9A19103F-16F7-4668-BE54-9A1E7A4F7556}") = "Test_TableMapping", "Test_TableMapping\Test_TableMapping.csproj", "{1C5AC599-9668-4ECD-9866-99CE6CFCE7F3}"
EndProject
Project("{9A19103F-16F7-4668-BE54-9A1E7A4F7556}") = "Test_Restrictions", "Test_Restrictions\Test_Restrictions.csproj", "{AEA8FFCE-7AF4-45B6-9A96-08C409532389}"
EndProject
Project("{9A19103F-16F7-4668-BE54-9A1E7A4F7556}") = "Test_Initialization_DB", "Test_Initialization_DB\Test_Initialization_DB.csproj", "{EA058933-8A69-497B-9D08-C5231F3024C6}"
EndProject
Project("{9A19103F-16F7-4668-BE54-9A1E7A4F7556}") = "Test_Relationship", "Test_Relationship\Test_Relationship.csproj", "{F262441A-EBE2-4721-A024-72EDD9D4AE06}"
EndProject
Project("{2150E333-8FDC-42A3-9474-1A3956D46DE8}") = "Tests", "Tests", "{DD8565A7-F402-4C3D-8B9A-0B3A94E4D8E6}"
EndProject
Project("{9A19103F-16F7-4668-BE54-9A1E7A4F7556}") = "Test_Complex_Structure", "Test_Complex_Structure\Test_Complex_Structure.csproj", "{987F678A-0830-4C12-A545-230B66E66E05}"
EndProject
Project("{9A19103F-16F7-4668-BE54-9A1E7A4F7556}") = "Test_Explicit_Loading", "Test_Explicit_Loading\Test_Explicit_Loading.csproj", "{E71F9067-32B0-49D2-B5D0-049DF020F8C6}"
EndProject
Project("{9A19103F-16F7-4668-BE54-9A1E7A4F7556}") = "Test_Lazy_Loading", "Test_Lazy_Loading\Test_Lazy_Loading.csproj", "{7AE41FEF-3559-488E-9C76-3C382C16A0F6}"
EndProject
Project("{9A19103F-16F7-4668-BE54-9A1E7A4F7556}") = "Test_One_To_One", "Test_One_To_One\Test_One_To_One.csproj", "{6B8FB2EC-539C-4BB4-BB49-7D7DAB76581F}"
EndProject
Project("{9A19103F-16F7-4668-BE54-9A1E7A4F7556}") = "Test_One_To_Many", "Test_One_To_Many\Test_One_To_Many.csproj", "{C2607D57-2BDA-41DD-81C7-BEDDBCE27D30}"
EndProject
Project("{9A19103F-16F7-4668-BE54-9A1E7A4F7556}") = "Test_Many_To_Many", "Test_Many_To_Many\Test_Many_To_Many.csproj", "{8EAA28F1-4E8E-4399-944C-EFE756505551}"
EndProject
Project("{9A19103F-16F7-4668-BE54-9A1E7A4F7556}") = "Test_Many_To_Many2", "Test_Many_To_Many2\Test_Many_To_Many2.csproj", "{017B1005-A341-4487-A76D-43151C6FBE60}"
EndProject
Project("{9A19103F-16F7-4668-BE54-9A1E7A4F7556}") = "Test_Owner", "Test_Owner\Test_Owner.csproj", "{C5A977A6-4CD6-405F-A5AE-18988B61A8F5}"
EndProject
Project("{9A19103F-16F7-4668-BE54-9A1E7A4F7556}") = "Test_Moview", "Test_Moview\Test_Moview.csproj", "{F11C21E0-80F2-4568-911C-ACDA3BBAB011}"
EndProject
Project("{9A19103F-16F7-4668-BE54-9A1E7A4F7556}") = "Test_TPH", "Test_TPH\Test_TPH.csproj", "{0D1D4CD8-9B4B-4635-BA5B-B2CB905DF787}"
EndProject
Project("{9A19103F-16F7-4668-BE54-9A1E7A4F7556}") = "Test_TPT", "Test_TPT\Test_TPT.csproj", "{67E98EB7-6648-490E-BCBF-19897DE533D9}"
EndProject
Project("{9A19103F-16F7-4668-BE54-9A1E7A4F7556}") = "Test_LINQ_To_Entities", "Test_LINQ_To_Entities\Test_LINQ_To_Entities.csproj", "{23E67E82-B433-4744-96F5-AB7C8B0B8046}"
EndProject
Project("{9A19103F-16F7-4668-BE54-9A1E7A4F7556}") = "Test_Simple_Multiselect", "Test_Simple_Multiselect\Test_Simple_Multiselect.csproj", "{AACB2A17-D478-4302-A92E-BA8B5C43A8E0}"
EndProject
Project("{9A19103F-16F7-4668-BE54-9A1E7A4F7556}") = "Test_Simple_Multiselect_Extended", "Test_Simple_Multiselect_Extended\Test_Simple_Multiselect_Extended.csproj", "{D2663D08-7D10-461E-B240-D5428B2EC5B9}"
EndProject
Project("{9A19103F-16F7-4668-BE54-9A1E7A4F7556}") = "Test_Difficult_Multiselect_Extended", "Test_Difficult_Multiselect_Extended\Test_Difficult_Multiselect_Extended.csproj", "{3F2B3E7D-F82B-4764-8EE8-9258A04AF1DD}"
EndProject
Project("{9A19103F-16F7-4668-BE54-9A1E7A4F7556}") = "Test_Movie_Many_To_Many", "Test_Movie_Many_To_Many\Test_Movie_Many_To_Many.csproj", "{F156FB8C-21C0-4231-9E89-8FA62CB6B28A}"
EndProject
Project("{9A19103F-16F7-4668-BE54-9A1E7A4F7556}") = "Test_Many_To_Many_3", "Test_Many_To_Many_3\Test_Many_To_Many_3.csproj", "{8BC946D6-55A3-486E-9959-EE9CF95423DC}"
EndProject
Project("{9A19103F-16F7-4668-BE54-9A1E7A4F7556}") = "ClockFace", "ClockFace\ClockFace.csproj", "{946BD7F0-01DB-4C7F-B42B-285D32C0502E}"
EndProject
Project("{9A19103F-16F7-4668-BE54-9A1E7A4F7556}") = "Test_Abstract", "Test_Abstract\Test_Abstract.csproj", "{1618D6AD-BAC5-44FC-BC3B-25D425809385}"
EndProject
Project("{9A19103F-16F7-4668-BE54-9A1E7A4F7556}") = "boxingUnboxing", "boxingUnboxing\boxingUnboxing.csproj", "{6AA08461-CDD2-4DB5-88F8-A0C863E456F8}"
EndProject
Project("{9A19103F-16F7-4668-BE54-9A1E7A4F7556}") = "Test_array", "Test_array\Test_array.csproj", "{95E42ECB-D374-4B16-8AB9-5B18527BAF49}"
EndProject
Project("{FAE04EC0-301F-11D3-BF4B-00C04F79EFBC}") = "Test_Generik", "Test_Generik\Test_Generik.csproj", "{FC0CB80F-6FC2-4C3C-99FD-28C3209A0923}"
EndProject
Global
	GlobalSection(SolutionConfigurationPlatforms) = preSolution
		Debug|Any CPU = Debug|Any CPU
		Release|Any CPU = Release|Any CPU
	EndGlobalSection
	GlobalSection(ProjectConfigurationPlatforms) = postSolution
		{C39ABB2B-DF80-4285-AC1C-979DD9DFBD33}.Debug|Any CPU.ActiveCfg = Debug|Any CPU
		{C39ABB2B-DF80-4285-AC1C-979DD9DFBD33}.Debug|Any CPU.Build.0 = Debug|Any CPU
		{C39ABB2B-DF80-4285-AC1C-979DD9DFBD33}.Release|Any CPU.ActiveCfg = Release|Any CPU
		{C39ABB2B-DF80-4285-AC1C-979DD9DFBD33}.Release|Any CPU.Build.0 = Release|Any CPU
		{223640A8-1FA9-461A-B365-24C8A1D2A486}.Debug|Any CPU.ActiveCfg = Debug|Any CPU
		{223640A8-1FA9-461A-B365-24C8A1D2A486}.Debug|Any CPU.Build.0 = Debug|Any CPU
		{223640A8-1FA9-461A-B365-24C8A1D2A486}.Release|Any CPU.ActiveCfg = Release|Any CPU
		{223640A8-1FA9-461A-B365-24C8A1D2A486}.Release|Any CPU.Build.0 = Release|Any CPU
		{E393028F-6919-4F8D-9522-9691618C5D5E}.Debug|Any CPU.ActiveCfg = Debug|Any CPU
		{E393028F-6919-4F8D-9522-9691618C5D5E}.Debug|Any CPU.Build.0 = Debug|Any CPU
		{E393028F-6919-4F8D-9522-9691618C5D5E}.Release|Any CPU.ActiveCfg = Release|Any CPU
		{E393028F-6919-4F8D-9522-9691618C5D5E}.Release|Any CPU.Build.0 = Release|Any CPU
		{1F61AFAA-0C41-4BD5-ABEF-5E452A11B56D}.Debug|Any CPU.ActiveCfg = Debug|Any CPU
		{1F61AFAA-0C41-4BD5-ABEF-5E452A11B56D}.Debug|Any CPU.Build.0 = Debug|Any CPU
		{1F61AFAA-0C41-4BD5-ABEF-5E452A11B56D}.Release|Any CPU.ActiveCfg = Release|Any CPU
		{1F61AFAA-0C41-4BD5-ABEF-5E452A11B56D}.Release|Any CPU.Build.0 = Release|Any CPU
		{D1C97BA5-A9BA-4401-9A96-917A130F954A}.Debug|Any CPU.ActiveCfg = Debug|Any CPU
		{D1C97BA5-A9BA-4401-9A96-917A130F954A}.Debug|Any CPU.Build.0 = Debug|Any CPU
		{D1C97BA5-A9BA-4401-9A96-917A130F954A}.Release|Any CPU.ActiveCfg = Release|Any CPU
		{D1C97BA5-A9BA-4401-9A96-917A130F954A}.Release|Any CPU.Build.0 = Release|Any CPU
		{3D105CE3-7770-418B-83F2-3D597BBD626C}.Debug|Any CPU.ActiveCfg = Debug|Any CPU
		{3D105CE3-7770-418B-83F2-3D597BBD626C}.Debug|Any CPU.Build.0 = Debug|Any CPU
		{3D105CE3-7770-418B-83F2-3D597BBD626C}.Release|Any CPU.ActiveCfg = Release|Any CPU
		{3D105CE3-7770-418B-83F2-3D597BBD626C}.Release|Any CPU.Build.0 = Release|Any CPU
		{61108BA8-D8BC-4FE4-A3D1-97C18221289A}.Debug|Any CPU.ActiveCfg = Debug|Any CPU
		{61108BA8-D8BC-4FE4-A3D1-97C18221289A}.Debug|Any CPU.Build.0 = Debug|Any CPU
		{61108BA8-D8BC-4FE4-A3D1-97C18221289A}.Release|Any CPU.ActiveCfg = Release|Any CPU
		{61108BA8-D8BC-4FE4-A3D1-97C18221289A}.Release|Any CPU.Build.0 = Release|Any CPU
		{1C5AC599-9668-4ECD-9866-99CE6CFCE7F3}.Debug|Any CPU.ActiveCfg = Debug|Any CPU
		{1C5AC599-9668-4ECD-9866-99CE6CFCE7F3}.Debug|Any CPU.Build.0 = Debug|Any CPU
		{1C5AC599-9668-4ECD-9866-99CE6CFCE7F3}.Release|Any CPU.ActiveCfg = Release|Any CPU
		{1C5AC599-9668-4ECD-9866-99CE6CFCE7F3}.Release|Any CPU.Build.0 = Release|Any CPU
		{AEA8FFCE-7AF4-45B6-9A96-08C409532389}.Debug|Any CPU.ActiveCfg = Debug|Any CPU
		{AEA8FFCE-7AF4-45B6-9A96-08C409532389}.Debug|Any CPU.Build.0 = Debug|Any CPU
		{AEA8FFCE-7AF4-45B6-9A96-08C409532389}.Release|Any CPU.ActiveCfg = Release|Any CPU
		{AEA8FFCE-7AF4-45B6-9A96-08C409532389}.Release|Any CPU.Build.0 = Release|Any CPU
		{EA058933-8A69-497B-9D08-C5231F3024C6}.Debug|Any CPU.ActiveCfg = Debug|Any CPU
		{EA058933-8A69-497B-9D08-C5231F3024C6}.Debug|Any CPU.Build.0 = Debug|Any CPU
		{EA058933-8A69-497B-9D08-C5231F3024C6}.Release|Any CPU.ActiveCfg = Release|Any CPU
		{EA058933-8A69-497B-9D08-C5231F3024C6}.Release|Any CPU.Build.0 = Release|Any CPU
		{F262441A-EBE2-4721-A024-72EDD9D4AE06}.Debug|Any CPU.ActiveCfg = Debug|Any CPU
		{F262441A-EBE2-4721-A024-72EDD9D4AE06}.Debug|Any CPU.Build.0 = Debug|Any CPU
		{F262441A-EBE2-4721-A024-72EDD9D4AE06}.Release|Any CPU.ActiveCfg = Release|Any CPU
		{F262441A-EBE2-4721-A024-72EDD9D4AE06}.Release|Any CPU.Build.0 = Release|Any CPU
		{987F678A-0830-4C12-A545-230B66E66E05}.Debug|Any CPU.ActiveCfg = Debug|Any CPU
		{987F678A-0830-4C12-A545-230B66E66E05}.Debug|Any CPU.Build.0 = Debug|Any CPU
		{987F678A-0830-4C12-A545-230B66E66E05}.Release|Any CPU.ActiveCfg = Release|Any CPU
		{987F678A-0830-4C12-A545-230B66E66E05}.Release|Any CPU.Build.0 = Release|Any CPU
		{E71F9067-32B0-49D2-B5D0-049DF020F8C6}.Debug|Any CPU.ActiveCfg = Debug|Any CPU
		{E71F9067-32B0-49D2-B5D0-049DF020F8C6}.Debug|Any CPU.Build.0 = Debug|Any CPU
		{E71F9067-32B0-49D2-B5D0-049DF020F8C6}.Release|Any CPU.ActiveCfg = Release|Any CPU
		{E71F9067-32B0-49D2-B5D0-049DF020F8C6}.Release|Any CPU.Build.0 = Release|Any CPU
		{7AE41FEF-3559-488E-9C76-3C382C16A0F6}.Debug|Any CPU.ActiveCfg = Debug|Any CPU
		{7AE41FEF-3559-488E-9C76-3C382C16A0F6}.Debug|Any CPU.Build.0 = Debug|Any CPU
		{7AE41FEF-3559-488E-9C76-3C382C16A0F6}.Release|Any CPU.ActiveCfg = Release|Any CPU
		{7AE41FEF-3559-488E-9C76-3C382C16A0F6}.Release|Any CPU.Build.0 = Release|Any CPU
		{6B8FB2EC-539C-4BB4-BB49-7D7DAB76581F}.Debug|Any CPU.ActiveCfg = Debug|Any CPU
		{6B8FB2EC-539C-4BB4-BB49-7D7DAB76581F}.Debug|Any CPU.Build.0 = Debug|Any CPU
		{6B8FB2EC-539C-4BB4-BB49-7D7DAB76581F}.Release|Any CPU.ActiveCfg = Release|Any CPU
		{6B8FB2EC-539C-4BB4-BB49-7D7DAB76581F}.Release|Any CPU.Build.0 = Release|Any CPU
		{C2607D57-2BDA-41DD-81C7-BEDDBCE27D30}.Debug|Any CPU.ActiveCfg = Debug|Any CPU
		{C2607D57-2BDA-41DD-81C7-BEDDBCE27D30}.Debug|Any CPU.Build.0 = Debug|Any CPU
		{C2607D57-2BDA-41DD-81C7-BEDDBCE27D30}.Release|Any CPU.ActiveCfg = Release|Any CPU
		{C2607D57-2BDA-41DD-81C7-BEDDBCE27D30}.Release|Any CPU.Build.0 = Release|Any CPU
		{8EAA28F1-4E8E-4399-944C-EFE756505551}.Debug|Any CPU.ActiveCfg = Debug|Any CPU
		{8EAA28F1-4E8E-4399-944C-EFE756505551}.Debug|Any CPU.Build.0 = Debug|Any CPU
		{8EAA28F1-4E8E-4399-944C-EFE756505551}.Release|Any CPU.ActiveCfg = Release|Any CPU
		{8EAA28F1-4E8E-4399-944C-EFE756505551}.Release|Any CPU.Build.0 = Release|Any CPU
		{017B1005-A341-4487-A76D-43151C6FBE60}.Debug|Any CPU.ActiveCfg = Debug|Any CPU
		{017B1005-A341-4487-A76D-43151C6FBE60}.Debug|Any CPU.Build.0 = Debug|Any CPU
		{017B1005-A341-4487-A76D-43151C6FBE60}.Release|Any CPU.ActiveCfg = Release|Any CPU
		{017B1005-A341-4487-A76D-43151C6FBE60}.Release|Any CPU.Build.0 = Release|Any CPU
		{C5A977A6-4CD6-405F-A5AE-18988B61A8F5}.Debug|Any CPU.ActiveCfg = Debug|Any CPU
		{C5A977A6-4CD6-405F-A5AE-18988B61A8F5}.Debug|Any CPU.Build.0 = Debug|Any CPU
		{C5A977A6-4CD6-405F-A5AE-18988B61A8F5}.Release|Any CPU.ActiveCfg = Release|Any CPU
		{C5A977A6-4CD6-405F-A5AE-18988B61A8F5}.Release|Any CPU.Build.0 = Release|Any CPU
		{F11C21E0-80F2-4568-911C-ACDA3BBAB011}.Debug|Any CPU.ActiveCfg = Debug|Any CPU
		{F11C21E0-80F2-4568-911C-ACDA3BBAB011}.Debug|Any CPU.Build.0 = Debug|Any CPU
		{F11C21E0-80F2-4568-911C-ACDA3BBAB011}.Release|Any CPU.ActiveCfg = Release|Any CPU
		{F11C21E0-80F2-4568-911C-ACDA3BBAB011}.Release|Any CPU.Build.0 = Release|Any CPU
		{0D1D4CD8-9B4B-4635-BA5B-B2CB905DF787}.Debug|Any CPU.ActiveCfg = Debug|Any CPU
		{0D1D4CD8-9B4B-4635-BA5B-B2CB905DF787}.Debug|Any CPU.Build.0 = Debug|Any CPU
		{0D1D4CD8-9B4B-4635-BA5B-B2CB905DF787}.Release|Any CPU.ActiveCfg = Release|Any CPU
		{0D1D4CD8-9B4B-4635-BA5B-B2CB905DF787}.Release|Any CPU.Build.0 = Release|Any CPU
		{67E98EB7-6648-490E-BCBF-19897DE533D9}.Debug|Any CPU.ActiveCfg = Debug|Any CPU
		{67E98EB7-6648-490E-BCBF-19897DE533D9}.Debug|Any CPU.Build.0 = Debug|Any CPU
		{67E98EB7-6648-490E-BCBF-19897DE533D9}.Release|Any CPU.ActiveCfg = Release|Any CPU
		{67E98EB7-6648-490E-BCBF-19897DE533D9}.Release|Any CPU.Build.0 = Release|Any CPU
		{23E67E82-B433-4744-96F5-AB7C8B0B8046}.Debug|Any CPU.ActiveCfg = Debug|Any CPU
		{23E67E82-B433-4744-96F5-AB7C8B0B8046}.Debug|Any CPU.Build.0 = Debug|Any CPU
		{23E67E82-B433-4744-96F5-AB7C8B0B8046}.Release|Any CPU.ActiveCfg = Release|Any CPU
		{23E67E82-B433-4744-96F5-AB7C8B0B8046}.Release|Any CPU.Build.0 = Release|Any CPU
		{AACB2A17-D478-4302-A92E-BA8B5C43A8E0}.Debug|Any CPU.ActiveCfg = Debug|Any CPU
		{AACB2A17-D478-4302-A92E-BA8B5C43A8E0}.Debug|Any CPU.Build.0 = Debug|Any CPU
		{AACB2A17-D478-4302-A92E-BA8B5C43A8E0}.Release|Any CPU.ActiveCfg = Release|Any CPU
		{AACB2A17-D478-4302-A92E-BA8B5C43A8E0}.Release|Any CPU.Build.0 = Release|Any CPU
		{D2663D08-7D10-461E-B240-D5428B2EC5B9}.Debug|Any CPU.ActiveCfg = Debug|Any CPU
		{D2663D08-7D10-461E-B240-D5428B2EC5B9}.Debug|Any CPU.Build.0 = Debug|Any CPU
		{D2663D08-7D10-461E-B240-D5428B2EC5B9}.Release|Any CPU.ActiveCfg = Release|Any CPU
		{D2663D08-7D10-461E-B240-D5428B2EC5B9}.Release|Any CPU.Build.0 = Release|Any CPU
		{3F2B3E7D-F82B-4764-8EE8-9258A04AF1DD}.Debug|Any CPU.ActiveCfg = Debug|Any CPU
		{3F2B3E7D-F82B-4764-8EE8-9258A04AF1DD}.Debug|Any CPU.Build.0 = Debug|Any CPU
		{3F2B3E7D-F82B-4764-8EE8-9258A04AF1DD}.Release|Any CPU.ActiveCfg = Release|Any CPU
		{3F2B3E7D-F82B-4764-8EE8-9258A04AF1DD}.Release|Any CPU.Build.0 = Release|Any CPU
		{F156FB8C-21C0-4231-9E89-8FA62CB6B28A}.Debug|Any CPU.ActiveCfg = Debug|Any CPU
		{F156FB8C-21C0-4231-9E89-8FA62CB6B28A}.Debug|Any CPU.Build.0 = Debug|Any CPU
		{F156FB8C-21C0-4231-9E89-8FA62CB6B28A}.Release|Any CPU.ActiveCfg = Release|Any CPU
		{F156FB8C-21C0-4231-9E89-8FA62CB6B28A}.Release|Any CPU.Build.0 = Release|Any CPU
		{8BC946D6-55A3-486E-9959-EE9CF95423DC}.Debug|Any CPU.ActiveCfg = Debug|Any CPU
		{8BC946D6-55A3-486E-9959-EE9CF95423DC}.Debug|Any CPU.Build.0 = Debug|Any CPU
		{8BC946D6-55A3-486E-9959-EE9CF95423DC}.Release|Any CPU.ActiveCfg = Release|Any CPU
		{8BC946D6-55A3-486E-9959-EE9CF95423DC}.Release|Any CPU.Build.0 = Release|Any CPU
		{946BD7F0-01DB-4C7F-B42B-285D32C0502E}.Debug|Any CPU.ActiveCfg = Debug|Any CPU
		{946BD7F0-01DB-4C7F-B42B-285D32C0502E}.Debug|Any CPU.Build.0 = Debug|Any CPU
		{946BD7F0-01DB-4C7F-B42B-285D32C0502E}.Release|Any CPU.ActiveCfg = Release|Any CPU
		{946BD7F0-01DB-4C7F-B42B-285D32C0502E}.Release|Any CPU.Build.0 = Release|Any CPU
		{1618D6AD-BAC5-44FC-BC3B-25D425809385}.Debug|Any CPU.ActiveCfg = Debug|Any CPU
		{1618D6AD-BAC5-44FC-BC3B-25D425809385}.Debug|Any CPU.Build.0 = Debug|Any CPU
		{1618D6AD-BAC5-44FC-BC3B-25D425809385}.Release|Any CPU.ActiveCfg = Release|Any CPU
		{1618D6AD-BAC5-44FC-BC3B-25D425809385}.Release|Any CPU.Build.0 = Release|Any CPU
		{6AA08461-CDD2-4DB5-88F8-A0C863E456F8}.Debug|Any CPU.ActiveCfg = Debug|Any CPU
		{6AA08461-CDD2-4DB5-88F8-A0C863E456F8}.Debug|Any CPU.Build.0 = Debug|Any CPU
		{6AA08461-CDD2-4DB5-88F8-A0C863E456F8}.Release|Any CPU.ActiveCfg = Release|Any CPU
		{6AA08461-CDD2-4DB5-88F8-A0C863E456F8}.Release|Any CPU.Build.0 = Release|Any CPU
		{95E42ECB-D374-4B16-8AB9-5B18527BAF49}.Debug|Any CPU.ActiveCfg = Debug|Any CPU
		{95E42ECB-D374-4B16-8AB9-5B18527BAF49}.Debug|Any CPU.Build.0 = Debug|Any CPU
		{95E42ECB-D374-4B16-8AB9-5B18527BAF49}.Release|Any CPU.ActiveCfg = Release|Any CPU
		{95E42ECB-D374-4B16-8AB9-5B18527BAF49}.Release|Any CPU.Build.0 = Release|Any CPU
		{FC0CB80F-6FC2-4C3C-99FD-28C3209A0923}.Debug|Any CPU.ActiveCfg = Debug|Any CPU
		{FC0CB80F-6FC2-4C3C-99FD-28C3209A0923}.Debug|Any CPU.Build.0 = Debug|Any CPU
		{FC0CB80F-6FC2-4C3C-99FD-28C3209A0923}.Release|Any CPU.ActiveCfg = Release|Any CPU
		{FC0CB80F-6FC2-4C3C-99FD-28C3209A0923}.Release|Any CPU.Build.0 = Release|Any CPU
	EndGlobalSection
	GlobalSection(SolutionProperties) = preSolution
		HideSolutionNode = FALSE
	EndGlobalSection
	GlobalSection(NestedProjects) = preSolution
		{C39ABB2B-DF80-4285-AC1C-979DD9DFBD33} = {DD8565A7-F402-4C3D-8B9A-0B3A94E4D8E6}
		{223640A8-1FA9-461A-B365-24C8A1D2A486} = {DD8565A7-F402-4C3D-8B9A-0B3A94E4D8E6}
		{E393028F-6919-4F8D-9522-9691618C5D5E} = {DD8565A7-F402-4C3D-8B9A-0B3A94E4D8E6}
		{1F61AFAA-0C41-4BD5-ABEF-5E452A11B56D} = {DD8565A7-F402-4C3D-8B9A-0B3A94E4D8E6}
		{D1C97BA5-A9BA-4401-9A96-917A130F954A} = {DD8565A7-F402-4C3D-8B9A-0B3A94E4D8E6}
		{3D105CE3-7770-418B-83F2-3D597BBD626C} = {DD8565A7-F402-4C3D-8B9A-0B3A94E4D8E6}
		{61108BA8-D8BC-4FE4-A3D1-97C18221289A} = {DD8565A7-F402-4C3D-8B9A-0B3A94E4D8E6}
		{1C5AC599-9668-4ECD-9866-99CE6CFCE7F3} = {DD8565A7-F402-4C3D-8B9A-0B3A94E4D8E6}
		{AEA8FFCE-7AF4-45B6-9A96-08C409532389} = {DD8565A7-F402-4C3D-8B9A-0B3A94E4D8E6}
		{EA058933-8A69-497B-9D08-C5231F3024C6} = {DD8565A7-F402-4C3D-8B9A-0B3A94E4D8E6}
		{F262441A-EBE2-4721-A024-72EDD9D4AE06} = {DD8565A7-F402-4C3D-8B9A-0B3A94E4D8E6}
		{987F678A-0830-4C12-A545-230B66E66E05} = {DD8565A7-F402-4C3D-8B9A-0B3A94E4D8E6}
		{E71F9067-32B0-49D2-B5D0-049DF020F8C6} = {DD8565A7-F402-4C3D-8B9A-0B3A94E4D8E6}
		{7AE41FEF-3559-488E-9C76-3C382C16A0F6} = {DD8565A7-F402-4C3D-8B9A-0B3A94E4D8E6}
		{6B8FB2EC-539C-4BB4-BB49-7D7DAB76581F} = {DD8565A7-F402-4C3D-8B9A-0B3A94E4D8E6}
		{C2607D57-2BDA-41DD-81C7-BEDDBCE27D30} = {DD8565A7-F402-4C3D-8B9A-0B3A94E4D8E6}
		{8EAA28F1-4E8E-4399-944C-EFE756505551} = {DD8565A7-F402-4C3D-8B9A-0B3A94E4D8E6}
		{017B1005-A341-4487-A76D-43151C6FBE60} = {DD8565A7-F402-4C3D-8B9A-0B3A94E4D8E6}
		{C5A977A6-4CD6-405F-A5AE-18988B61A8F5} = {DD8565A7-F402-4C3D-8B9A-0B3A94E4D8E6}
		{F11C21E0-80F2-4568-911C-ACDA3BBAB011} = {DD8565A7-F402-4C3D-8B9A-0B3A94E4D8E6}
		{0D1D4CD8-9B4B-4635-BA5B-B2CB905DF787} = {DD8565A7-F402-4C3D-8B9A-0B3A94E4D8E6}
		{67E98EB7-6648-490E-BCBF-19897DE533D9} = {DD8565A7-F402-4C3D-8B9A-0B3A94E4D8E6}
		{23E67E82-B433-4744-96F5-AB7C8B0B8046} = {DD8565A7-F402-4C3D-8B9A-0B3A94E4D8E6}
		{8BC946D6-55A3-486E-9959-EE9CF95423DC} = {DD8565A7-F402-4C3D-8B9A-0B3A94E4D8E6}
	EndGlobalSection
	GlobalSection(ExtensibilityGlobals) = postSolution
		SolutionGuid = {E4C9FBEB-29DB-4E97-BFF6-E84051CC4F5C}
	EndGlobalSection
EndGlobal
