
Microsoft Visual Studio Solution File, Format Version 12.00
# Visual Studio Version 17
VisualStudioVersion = 17.7.34221.43
MinimumVisualStudioVersion = 10.0.40219.1
Project("{9A19103F-16F7-4668-BE54-9A1E7A4F7556}") = "Test_workshop.MigrationFK", "Test_workshop.MigrationFK\Test_workshop.MigrationFK.csproj", "{C39ABB2B-DF80-4285-AC1C-979DD9DFBD33}"
EndProject
Project("{9A19103F-16F7-4668-BE54-9A1E7A4F7556}") = "MovieMirgations_Fl_API", "MovieMirgations_Fl_API\MovieMirgations_Fl_API.csproj", "{223640A8-1FA9-461A-B365-24C8A1D2A486}"
EndProject
Project("{9A19103F-16F7-4668-BE54-9A1E7A4F7556}") = "Test_EF", "Test_EF\Test_EF.csproj", "{E393028F-6919-4F8D-9522-9691618C5D5E}"
EndProject
Project("{9A19103F-16F7-4668-BE54-9A1E7A4F7556}") = "Test_ConnectToDb", "Test_ConnectToDb\Test_ConnectToDb.csproj", "{1F61AFAA-0C41-4BD5-ABEF-5E452A11B56D}"
EndProject
Project("{9A19103F-16F7-4668-BE54-9A1E7A4F7556}") = "Test_LogTo", "Test_LogTo\Test_LogTo.csproj", "{D1C97BA5-A9BA-4401-9A96-917A130F954A}"
EndProject
Project("{9A19103F-16F7-4668-BE54-9A1E7A4F7556}") = "Test_scheme", "Test_scheme\Test_scheme.csproj", "{3D105CE3-7770-418B-83F2-3D597BBD626C}"
EndProject
Project("{9A19103F-16F7-4668-BE54-9A1E7A4F7556}") = "Test_Entities", "Test_Entities\Test_Entities.csproj", "{61108BA8-D8BC-4FE4-A3D1-97C18221289A}"
EndProject
Project("{9A19103F-16F7-4668-BE54-9A1E7A4F7556}") = "Test_TableMapping", "Test_TableMapping\Test_TableMapping.csproj", "{1C5AC599-9668-4ECD-9866-99CE6CFCE7F3}"
EndProject
Project("{9A19103F-16F7-4668-BE54-9A1E7A4F7556}") = "Test_Restrictions", "Test_Restrictions\Test_Restrictions.csproj", "{AEA8FFCE-7AF4-45B6-9A96-08C409532389}"
EndProject
Project("{9A19103F-16F7-4668-BE54-9A1E7A4F7556}") = "Test_Initialization_DB", "Test_Initialization_DB\Test_Initialization_DB.csproj", "{EA058933-8A69-497B-9D08-C5231F3024C6}"
EndProject
Project("{9A19103F-16F7-4668-BE54-9A1E7A4F7556}") = "Test_Relationship", "Test_Relationship\Test_Relationship.csproj", "{F262441A-EBE2-4721-A024-72EDD9D4AE06}"
EndProject
Project("{2150E333-8FDC-42A3-9474-1A3956D46DE8}") = "Tests", "Tests", "{DD8565A7-F402-4C3D-8B9A-0B3A94E4D8E6}"
EndProject
Project("{FAE04EC0-301F-11D3-BF4B-00C04F79EFBC}") = "Test_Complex_Structure", "Test_Complex_Structure\Test_Complex_Structure.csproj", "{987F678A-0830-4C12-A545-230B66E66E05}"
EndProject
Global
	GlobalSection(SolutionConfigurationPlatforms) = preSolution
		Debug|Any CPU = Debug|Any CPU
		Release|Any CPU = Release|Any CPU
	EndGlobalSection
	GlobalSection(ProjectConfigurationPlatforms) = postSolution
		{C39ABB2B-DF80-4285-AC1C-979DD9DFBD33}.Debug|Any CPU.ActiveCfg = Debug|Any CPU
		{C39ABB2B-DF80-4285-AC1C-979DD9DFBD33}.Debug|Any CPU.Build.0 = Debug|Any CPU
		{C39ABB2B-DF80-4285-AC1C-979DD9DFBD33}.Release|Any CPU.ActiveCfg = Release|Any CPU
		{C39ABB2B-DF80-4285-AC1C-979DD9DFBD33}.Release|Any CPU.Build.0 = Release|Any CPU
		{223640A8-1FA9-461A-B365-24C8A1D2A486}.Debug|Any CPU.ActiveCfg = Debug|Any CPU
		{223640A8-1FA9-461A-B365-24C8A1D2A486}.Debug|Any CPU.Build.0 = Debug|Any CPU
		{223640A8-1FA9-461A-B365-24C8A1D2A486}.Release|Any CPU.ActiveCfg = Release|Any CPU
		{223640A8-1FA9-461A-B365-24C8A1D2A486}.Release|Any CPU.Build.0 = Release|Any CPU
		{E393028F-6919-4F8D-9522-9691618C5D5E}.Debug|Any CPU.ActiveCfg = Debug|Any CPU
		{E393028F-6919-4F8D-9522-9691618C5D5E}.Debug|Any CPU.Build.0 = Debug|Any CPU
		{E393028F-6919-4F8D-9522-9691618C5D5E}.Release|Any CPU.ActiveCfg = Release|Any CPU
		{E393028F-6919-4F8D-9522-9691618C5D5E}.Release|Any CPU.Build.0 = Release|Any CPU
		{1F61AFAA-0C41-4BD5-ABEF-5E452A11B56D}.Debug|Any CPU.ActiveCfg = Debug|Any CPU
		{1F61AFAA-0C41-4BD5-ABEF-5E452A11B56D}.Debug|Any CPU.Build.0 = Debug|Any CPU
		{1F61AFAA-0C41-4BD5-ABEF-5E452A11B56D}.Release|Any CPU.ActiveCfg = Release|Any CPU
		{1F61AFAA-0C41-4BD5-ABEF-5E452A11B56D}.Release|Any CPU.Build.0 = Release|Any CPU
		{D1C97BA5-A9BA-4401-9A96-917A130F954A}.Debug|Any CPU.ActiveCfg = Debug|Any CPU
		{D1C97BA5-A9BA-4401-9A96-917A130F954A}.Debug|Any CPU.Build.0 = Debug|Any CPU
		{D1C97BA5-A9BA-4401-9A96-917A130F954A}.Release|Any CPU.ActiveCfg = Release|Any CPU
		{D1C97BA5-A9BA-4401-9A96-917A130F954A}.Release|Any CPU.Build.0 = Release|Any CPU
		{3D105CE3-7770-418B-83F2-3D597BBD626C}.Debug|Any CPU.ActiveCfg = Debug|Any CPU
		{3D105CE3-7770-418B-83F2-3D597BBD626C}.Debug|Any CPU.Build.0 = Debug|Any CPU
		{3D105CE3-7770-418B-83F2-3D597BBD626C}.Release|Any CPU.ActiveCfg = Release|Any CPU
		{3D105CE3-7770-418B-83F2-3D597BBD626C}.Release|Any CPU.Build.0 = Release|Any CPU
		{61108BA8-D8BC-4FE4-A3D1-97C18221289A}.Debug|Any CPU.ActiveCfg = Debug|Any CPU
		{61108BA8-D8BC-4FE4-A3D1-97C18221289A}.Debug|Any CPU.Build.0 = Debug|Any CPU
		{61108BA8-D8BC-4FE4-A3D1-97C18221289A}.Release|Any CPU.ActiveCfg = Release|Any CPU
		{61108BA8-D8BC-4FE4-A3D1-97C18221289A}.Release|Any CPU.Build.0 = Release|Any CPU
		{1C5AC599-9668-4ECD-9866-99CE6CFCE7F3}.Debug|Any CPU.ActiveCfg = Debug|Any CPU
		{1C5AC599-9668-4ECD-9866-99CE6CFCE7F3}.Debug|Any CPU.Build.0 = Debug|Any CPU
		{1C5AC599-9668-4ECD-9866-99CE6CFCE7F3}.Release|Any CPU.ActiveCfg = Release|Any CPU
		{1C5AC599-9668-4ECD-9866-99CE6CFCE7F3}.Release|Any CPU.Build.0 = Release|Any CPU
		{AEA8FFCE-7AF4-45B6-9A96-08C409532389}.Debug|Any CPU.ActiveCfg = Debug|Any CPU
		{AEA8FFCE-7AF4-45B6-9A96-08C409532389}.Debug|Any CPU.Build.0 = Debug|Any CPU
		{AEA8FFCE-7AF4-45B6-9A96-08C409532389}.Release|Any CPU.ActiveCfg = Release|Any CPU
		{AEA8FFCE-7AF4-45B6-9A96-08C409532389}.Release|Any CPU.Build.0 = Release|Any CPU
		{EA058933-8A69-497B-9D08-C5231F3024C6}.Debug|Any CPU.ActiveCfg = Debug|Any CPU
		{EA058933-8A69-497B-9D08-C5231F3024C6}.Debug|Any CPU.Build.0 = Debug|Any CPU
		{EA058933-8A69-497B-9D08-C5231F3024C6}.Release|Any CPU.ActiveCfg = Release|Any CPU
		{EA058933-8A69-497B-9D08-C5231F3024C6}.Release|Any CPU.Build.0 = Release|Any CPU
		{F262441A-EBE2-4721-A024-72EDD9D4AE06}.Debug|Any CPU.ActiveCfg = Debug|Any CPU
		{F262441A-EBE2-4721-A024-72EDD9D4AE06}.Debug|Any CPU.Build.0 = Debug|Any CPU
		{F262441A-EBE2-4721-A024-72EDD9D4AE06}.Release|Any CPU.ActiveCfg = Release|Any CPU
		{F262441A-EBE2-4721-A024-72EDD9D4AE06}.Release|Any CPU.Build.0 = Release|Any CPU
		{987F678A-0830-4C12-A545-230B66E66E05}.Debug|Any CPU.ActiveCfg = Debug|Any CPU
		{987F678A-0830-4C12-A545-230B66E66E05}.Debug|Any CPU.Build.0 = Debug|Any CPU
		{987F678A-0830-4C12-A545-230B66E66E05}.Release|Any CPU.ActiveCfg = Release|Any CPU
		{987F678A-0830-4C12-A545-230B66E66E05}.Release|Any CPU.Build.0 = Release|Any CPU
	EndGlobalSection
	GlobalSection(SolutionProperties) = preSolution
		HideSolutionNode = FALSE
	EndGlobalSection
	GlobalSection(NestedProjects) = preSolution
		{E393028F-6919-4F8D-9522-9691618C5D5E} = {DD8565A7-F402-4C3D-8B9A-0B3A94E4D8E6}
		{1F61AFAA-0C41-4BD5-ABEF-5E452A11B56D} = {DD8565A7-F402-4C3D-8B9A-0B3A94E4D8E6}
		{D1C97BA5-A9BA-4401-9A96-917A130F954A} = {DD8565A7-F402-4C3D-8B9A-0B3A94E4D8E6}
		{3D105CE3-7770-418B-83F2-3D597BBD626C} = {DD8565A7-F402-4C3D-8B9A-0B3A94E4D8E6}
		{61108BA8-D8BC-4FE4-A3D1-97C18221289A} = {DD8565A7-F402-4C3D-8B9A-0B3A94E4D8E6}
		{1C5AC599-9668-4ECD-9866-99CE6CFCE7F3} = {DD8565A7-F402-4C3D-8B9A-0B3A94E4D8E6}
		{AEA8FFCE-7AF4-45B6-9A96-08C409532389} = {DD8565A7-F402-4C3D-8B9A-0B3A94E4D8E6}
		{EA058933-8A69-497B-9D08-C5231F3024C6} = {DD8565A7-F402-4C3D-8B9A-0B3A94E4D8E6}
		{F262441A-EBE2-4721-A024-72EDD9D4AE06} = {DD8565A7-F402-4C3D-8B9A-0B3A94E4D8E6}
	EndGlobalSection
	GlobalSection(ExtensibilityGlobals) = postSolution
		SolutionGuid = {E4C9FBEB-29DB-4E97-BFF6-E84051CC4F5C}
	EndGlobalSection
EndGlobal
