
Microsoft Visual Studio Solution File, Format Version 12.00
# Visual Studio Version 17
VisualStudioVersion = 17.7.34221.43
MinimumVisualStudioVersion = 10.0.40219.1
Project("{9A19103F-16F7-4668-BE54-9A1E7A4F7556}") = "Test_workshop.MigrationFK", "Test_workshop.MigrationFK\Test_workshop.MigrationFK.csproj", "{C39ABB2B-DF80-4285-AC1C-979DD9DFBD33}"
EndProject
Project("{9A19103F-16F7-4668-BE54-9A1E7A4F7556}") = "MovieMirgations_Fl_API", "MovieMirgations_Fl_API\MovieMirgations_Fl_API.csproj", "{223640A8-1FA9-461A-B365-24C8A1D2A486}"
EndProject
Project("{9A19103F-16F7-4668-BE54-9A1E7A4F7556}") = "Test_EF", "Test_EF\Test_EF.csproj", "{E393028F-6919-4F8D-9522-9691618C5D5E}"
EndProject
Project("{9A19103F-16F7-4668-BE54-9A1E7A4F7556}") = "Test_ConnectToDb", "Test_ConnectToDb\Test_ConnectToDb.csproj", "{1F61AFAA-0C41-4BD5-ABEF-5E452A11B56D}"
EndProject
Project("{9A19103F-16F7-4668-BE54-9A1E7A4F7556}") = "Test_LogTo", "Test_LogTo\Test_LogTo.csproj", "{D1C97BA5-A9BA-4401-9A96-917A130F954A}"
EndProject
Project("{FAE04EC0-301F-11D3-BF4B-00C04F79EFBC}") = "Test_scheme", "Test_scheme\Test_scheme.csproj", "{3D105CE3-7770-418B-83F2-3D597BBD626C}"
EndProject
Global
	GlobalSection(SolutionConfigurationPlatforms) = preSolution
		Debug|Any CPU = Debug|Any CPU
		Release|Any CPU = Release|Any CPU
	EndGlobalSection
	GlobalSection(ProjectConfigurationPlatforms) = postSolution
		{C39ABB2B-DF80-4285-AC1C-979DD9DFBD33}.Debug|Any CPU.ActiveCfg = Debug|Any CPU
		{C39ABB2B-DF80-4285-AC1C-979DD9DFBD33}.Debug|Any CPU.Build.0 = Debug|Any CPU
		{C39ABB2B-DF80-4285-AC1C-979DD9DFBD33}.Release|Any CPU.ActiveCfg = Release|Any CPU
		{C39ABB2B-DF80-4285-AC1C-979DD9DFBD33}.Release|Any CPU.Build.0 = Release|Any CPU
		{223640A8-1FA9-461A-B365-24C8A1D2A486}.Debug|Any CPU.ActiveCfg = Debug|Any CPU
		{223640A8-1FA9-461A-B365-24C8A1D2A486}.Debug|Any CPU.Build.0 = Debug|Any CPU
		{223640A8-1FA9-461A-B365-24C8A1D2A486}.Release|Any CPU.ActiveCfg = Release|Any CPU
		{223640A8-1FA9-461A-B365-24C8A1D2A486}.Release|Any CPU.Build.0 = Release|Any CPU
		{E393028F-6919-4F8D-9522-9691618C5D5E}.Debug|Any CPU.ActiveCfg = Debug|Any CPU
		{E393028F-6919-4F8D-9522-9691618C5D5E}.Debug|Any CPU.Build.0 = Debug|Any CPU
		{E393028F-6919-4F8D-9522-9691618C5D5E}.Release|Any CPU.ActiveCfg = Release|Any CPU
		{E393028F-6919-4F8D-9522-9691618C5D5E}.Release|Any CPU.Build.0 = Release|Any CPU
		{1F61AFAA-0C41-4BD5-ABEF-5E452A11B56D}.Debug|Any CPU.ActiveCfg = Debug|Any CPU
		{1F61AFAA-0C41-4BD5-ABEF-5E452A11B56D}.Debug|Any CPU.Build.0 = Debug|Any CPU
		{1F61AFAA-0C41-4BD5-ABEF-5E452A11B56D}.Release|Any CPU.ActiveCfg = Release|Any CPU
		{1F61AFAA-0C41-4BD5-ABEF-5E452A11B56D}.Release|Any CPU.Build.0 = Release|Any CPU
		{D1C97BA5-A9BA-4401-9A96-917A130F954A}.Debug|Any CPU.ActiveCfg = Debug|Any CPU
		{D1C97BA5-A9BA-4401-9A96-917A130F954A}.Debug|Any CPU.Build.0 = Debug|Any CPU
		{D1C97BA5-A9BA-4401-9A96-917A130F954A}.Release|Any CPU.ActiveCfg = Release|Any CPU
		{D1C97BA5-A9BA-4401-9A96-917A130F954A}.Release|Any CPU.Build.0 = Release|Any CPU
		{3D105CE3-7770-418B-83F2-3D597BBD626C}.Debug|Any CPU.ActiveCfg = Debug|Any CPU
		{3D105CE3-7770-418B-83F2-3D597BBD626C}.Debug|Any CPU.Build.0 = Debug|Any CPU
		{3D105CE3-7770-418B-83F2-3D597BBD626C}.Release|Any CPU.ActiveCfg = Release|Any CPU
		{3D105CE3-7770-418B-83F2-3D597BBD626C}.Release|Any CPU.Build.0 = Release|Any CPU
	EndGlobalSection
	GlobalSection(SolutionProperties) = preSolution
		HideSolutionNode = FALSE
	EndGlobalSection
	GlobalSection(ExtensibilityGlobals) = postSolution
		SolutionGuid = {E4C9FBEB-29DB-4E97-BFF6-E84051CC4F5C}
	EndGlobalSection
EndGlobal
